
Microsoft Visual Studio Solution File, Format Version 12.00
# Visual Studio 14
VisualStudioVersion = 14.0.24720.0
MinimumVisualStudioVersion = 10.0.40219.1
Project("{FAE04EC0-301F-11D3-BF4B-00C04F79EFBC}") = "ExperimentApplication", "ExperimentApplication\ExperimentApplication.csproj", "{1E9583F0-DEA2-4272-9AFC-C1C5938152B7}"
EndProject
Project("{FAE04EC0-301F-11D3-BF4B-00C04F79EFBC}") = "ExperimentTest", "ExperimentTest\ExperimentTest.csproj", "{A797E057-A202-4AF8-82C5-23A030C90D37}"
EndProject
Project("{FAE04EC0-301F-11D3-BF4B-00C04F79EFBC}") = "ExperimentWeb", "ExperimentWeb\ExperimentWeb.csproj", "{3EAF84AA-ADEE-48BF-8179-392F720E3B5C}"
EndProject
Project("{FAE04EC0-301F-11D3-BF4B-00C04F79EFBC}") = "ExperimentService", "ExperimentService\ExperimentService.csproj", "{DADCDBA5-A002-49CA-B207-E60CF6B5127E}"
EndProject
Project("{FAE04EC0-301F-11D3-BF4B-00C04F79EFBC}") = "ExperimentLibrary", "ExperimentLibrary\ExperimentLibrary.csproj", "{83E56DFA-1870-4C82-AA90-38B06BC722F9}"
EndProject
Project("{FAE04EC0-301F-11D3-BF4B-00C04F79EFBC}") = "ExperimentReact", "ExperimentReact\ExperimentReact.csproj", "{6CFEC01B-B5AD-4FCF-9585-C0E6EAE6110A}"
EndProject
Global
	GlobalSection(SolutionConfigurationPlatforms) = preSolution
		Debug|Any CPU = Debug|Any CPU
		Release|Any CPU = Release|Any CPU
	EndGlobalSection
	GlobalSection(ProjectConfigurationPlatforms) = postSolution
		{1E9583F0-DEA2-4272-9AFC-C1C5938152B7}.Debug|Any CPU.ActiveCfg = Debug|Any CPU
		{1E9583F0-DEA2-4272-9AFC-C1C5938152B7}.Debug|Any CPU.Build.0 = Debug|Any CPU
		{1E9583F0-DEA2-4272-9AFC-C1C5938152B7}.Release|Any CPU.ActiveCfg = Release|Any CPU
		{1E9583F0-DEA2-4272-9AFC-C1C5938152B7}.Release|Any CPU.Build.0 = Release|Any CPU
		{A797E057-A202-4AF8-82C5-23A030C90D37}.Debug|Any CPU.ActiveCfg = Debug|Any CPU
		{A797E057-A202-4AF8-82C5-23A030C90D37}.Debug|Any CPU.Build.0 = Debug|Any CPU
		{A797E057-A202-4AF8-82C5-23A030C90D37}.Release|Any CPU.ActiveCfg = Release|Any CPU
		{A797E057-A202-4AF8-82C5-23A030C90D37}.Release|Any CPU.Build.0 = Release|Any CPU
		{3EAF84AA-ADEE-48BF-8179-392F720E3B5C}.Debug|Any CPU.ActiveCfg = Debug|Any CPU
		{3EAF84AA-ADEE-48BF-8179-392F720E3B5C}.Debug|Any CPU.Build.0 = Debug|Any CPU
		{3EAF84AA-ADEE-48BF-8179-392F720E3B5C}.Release|Any CPU.ActiveCfg = Release|Any CPU
		{3EAF84AA-ADEE-48BF-8179-392F720E3B5C}.Release|Any CPU.Build.0 = Release|Any CPU
		{DADCDBA5-A002-49CA-B207-E60CF6B5127E}.Debug|Any CPU.ActiveCfg = Debug|Any CPU
		{DADCDBA5-A002-49CA-B207-E60CF6B5127E}.Debug|Any CPU.Build.0 = Debug|Any CPU
		{DADCDBA5-A002-49CA-B207-E60CF6B5127E}.Release|Any CPU.ActiveCfg = Release|Any CPU
		{DADCDBA5-A002-49CA-B207-E60CF6B5127E}.Release|Any CPU.Build.0 = Release|Any CPU
		{83E56DFA-1870-4C82-AA90-38B06BC722F9}.Debug|Any CPU.ActiveCfg = Debug|Any CPU
		{83E56DFA-1870-4C82-AA90-38B06BC722F9}.Debug|Any CPU.Build.0 = Debug|Any CPU
		{83E56DFA-1870-4C82-AA90-38B06BC722F9}.Release|Any CPU.ActiveCfg = Release|Any CPU
		{83E56DFA-1870-4C82-AA90-38B06BC722F9}.Release|Any CPU.Build.0 = Release|Any CPU
		{6CFEC01B-B5AD-4FCF-9585-C0E6EAE6110A}.Debug|Any CPU.ActiveCfg = Debug|Any CPU
		{6CFEC01B-B5AD-4FCF-9585-C0E6EAE6110A}.Debug|Any CPU.Build.0 = Debug|Any CPU
		{6CFEC01B-B5AD-4FCF-9585-C0E6EAE6110A}.Release|Any CPU.ActiveCfg = Release|Any CPU
		{6CFEC01B-B5AD-4FCF-9585-C0E6EAE6110A}.Release|Any CPU.Build.0 = Release|Any CPU
	EndGlobalSection
	GlobalSection(SolutionProperties) = preSolution
		HideSolutionNode = FALSE
	EndGlobalSection
EndGlobal
